
Microsoft Visual Studio Solution File, Format Version 12.00
# Visual Studio Version 18
VisualStudioVersion = 18.4.11626.88 stable
MinimumVisualStudioVersion = 10.0.40219.1
Project("{FAE04EC0-301F-11D3-BF4B-00C04F79EFBC}") = "Zapada.Boot", "Zapada.Boot\Zapada.Boot.csproj", "{C0FA223E-9C72-54A7-A656-1E3AA80C96A9}"
EndProject
Project("{FAE04EC0-301F-11D3-BF4B-00C04F79EFBC}") = "Zapada.Drivers.VirtioBlock", "Zapada.Drivers.VirtioBlock\Zapada.Drivers.VirtioBlock.csproj", "{647B37C4-3FC9-9BC2-BBC2-67490A310FA3}"
EndProject
Project("{FAE04EC0-301F-11D3-BF4B-00C04F79EFBC}") = "Zapada.Fs.Fat32", "Zapada.Fs.Fat32\Zapada.Fs.Fat32.csproj", "{6AADB6CD-29E1-DCC6-EC77-F3268FAE57F1}"
EndProject
Project("{FAE04EC0-301F-11D3-BF4B-00C04F79EFBC}") = "Zapada.Fs.Gpt", "Zapada.Fs.Gpt\Zapada.Fs.Gpt.csproj", "{91946993-5869-989B-5E71-240489A123F3}"
EndProject
Project("{FAE04EC0-301F-11D3-BF4B-00C04F79EFBC}") = "Zapada.Fs.Vfs", "Zapada.Fs.Vfs\Zapada.Fs.Vfs.csproj", "{75961C39-C226-63B7-F624-87A163FFB67E}"
EndProject
Project("{FAE04EC0-301F-11D3-BF4B-00C04F79EFBC}") = "Zapada.Storage", "Zapada.Storage\Zapada.Storage.csproj", "{46297CAF-8C57-FE59-EB66-2657C22FF233}"
EndProject
Project("{FAE04EC0-301F-11D3-BF4B-00C04F79EFBC}") = "System.Private.CoreLib", "System.Private.CoreLib\System.Private.CoreLib.csproj", "{4C924DD2-B742-6498-B527-23E584D8B8BA}"
EndProject
Project("{FAE04EC0-301F-11D3-BF4B-00C04F79EFBC}") = "Zapada.Conformance", "Zapada.Conformance\Zapada.Conformance.csproj", "{8194E3F3-66B7-8A45-40CB-74ADCDC79D8B}"
EndProject
Project("{FAE04EC0-301F-11D3-BF4B-00C04F79EFBC}") = "Zapada.Conformance.CrossAsm", "Zapada.Conformance.CrossAsm\Zapada.Conformance.CrossAsm.csproj", "{8D41CFD4-A8B6-4964-2A56-C6EAF19A5048}"
EndProject
Project("{FAE04EC0-301F-11D3-BF4B-00C04F79EFBC}") = "Zapada.Kernel", "Zapada.Kernel\Zapada.Kernel.csproj", "{6F32CCA5-B19B-4B79-AA07-2B63D6773B51}"
EndProject
Project("{FAE04EC0-301F-11D3-BF4B-00C04F79EFBC}") = "System.Console", "System.Console\System.Console.csproj", "{123797CE-84FD-4A9A-BDB9-49D19D4234C1}"
EndProject
Global
	GlobalSection(SolutionConfigurationPlatforms) = preSolution
		Debug|Any CPU = Debug|Any CPU
		Release|Any CPU = Release|Any CPU
	EndGlobalSection
	GlobalSection(ProjectConfigurationPlatforms) = postSolution
		{C0FA223E-9C72-54A7-A656-1E3AA80C96A9}.Debug|Any CPU.ActiveCfg = Debug|Any CPU
		{C0FA223E-9C72-54A7-A656-1E3AA80C96A9}.Debug|Any CPU.Build.0 = Debug|Any CPU
		{C0FA223E-9C72-54A7-A656-1E3AA80C96A9}.Release|Any CPU.ActiveCfg = Release|Any CPU
		{C0FA223E-9C72-54A7-A656-1E3AA80C96A9}.Release|Any CPU.Build.0 = Release|Any CPU
		{647B37C4-3FC9-9BC2-BBC2-67490A310FA3}.Debug|Any CPU.ActiveCfg = Debug|Any CPU
		{647B37C4-3FC9-9BC2-BBC2-67490A310FA3}.Debug|Any CPU.Build.0 = Debug|Any CPU
		{647B37C4-3FC9-9BC2-BBC2-67490A310FA3}.Release|Any CPU.ActiveCfg = Release|Any CPU
		{647B37C4-3FC9-9BC2-BBC2-67490A310FA3}.Release|Any CPU.Build.0 = Release|Any CPU
		{6AADB6CD-29E1-DCC6-EC77-F3268FAE57F1}.Debug|Any CPU.ActiveCfg = Debug|Any CPU
		{6AADB6CD-29E1-DCC6-EC77-F3268FAE57F1}.Debug|Any CPU.Build.0 = Debug|Any CPU
		{6AADB6CD-29E1-DCC6-EC77-F3268FAE57F1}.Release|Any CPU.ActiveCfg = Release|Any CPU
		{6AADB6CD-29E1-DCC6-EC77-F3268FAE57F1}.Release|Any CPU.Build.0 = Release|Any CPU
		{91946993-5869-989B-5E71-240489A123F3}.Debug|Any CPU.ActiveCfg = Debug|Any CPU
		{91946993-5869-989B-5E71-240489A123F3}.Debug|Any CPU.Build.0 = Debug|Any CPU
		{91946993-5869-989B-5E71-240489A123F3}.Release|Any CPU.ActiveCfg = Release|Any CPU
		{91946993-5869-989B-5E71-240489A123F3}.Release|Any CPU.Build.0 = Release|Any CPU
		{75961C39-C226-63B7-F624-87A163FFB67E}.Debug|Any CPU.ActiveCfg = Debug|Any CPU
		{75961C39-C226-63B7-F624-87A163FFB67E}.Debug|Any CPU.Build.0 = Debug|Any CPU
		{75961C39-C226-63B7-F624-87A163FFB67E}.Release|Any CPU.ActiveCfg = Release|Any CPU
		{75961C39-C226-63B7-F624-87A163FFB67E}.Release|Any CPU.Build.0 = Release|Any CPU
		{46297CAF-8C57-FE59-EB66-2657C22FF233}.Debug|Any CPU.ActiveCfg = Debug|Any CPU
		{46297CAF-8C57-FE59-EB66-2657C22FF233}.Debug|Any CPU.Build.0 = Debug|Any CPU
		{46297CAF-8C57-FE59-EB66-2657C22FF233}.Release|Any CPU.ActiveCfg = Release|Any CPU
		{46297CAF-8C57-FE59-EB66-2657C22FF233}.Release|Any CPU.Build.0 = Release|Any CPU
		{4C924DD2-B742-6498-B527-23E584D8B8BA}.Debug|Any CPU.ActiveCfg = Debug|Any CPU
		{4C924DD2-B742-6498-B527-23E584D8B8BA}.Debug|Any CPU.Build.0 = Debug|Any CPU
		{4C924DD2-B742-6498-B527-23E584D8B8BA}.Release|Any CPU.ActiveCfg = Release|Any CPU
		{4C924DD2-B742-6498-B527-23E584D8B8BA}.Release|Any CPU.Build.0 = Release|Any CPU
		{8194E3F3-66B7-8A45-40CB-74ADCDC79D8B}.Debug|Any CPU.ActiveCfg = Debug|Any CPU
		{8194E3F3-66B7-8A45-40CB-74ADCDC79D8B}.Debug|Any CPU.Build.0 = Debug|Any CPU
		{8194E3F3-66B7-8A45-40CB-74ADCDC79D8B}.Release|Any CPU.ActiveCfg = Release|Any CPU
		{8194E3F3-66B7-8A45-40CB-74ADCDC79D8B}.Release|Any CPU.Build.0 = Release|Any CPU
		{8D41CFD4-A8B6-4964-2A56-C6EAF19A5048}.Debug|Any CPU.ActiveCfg = Debug|Any CPU
		{8D41CFD4-A8B6-4964-2A56-C6EAF19A5048}.Debug|Any CPU.Build.0 = Debug|Any CPU
		{8D41CFD4-A8B6-4964-2A56-C6EAF19A5048}.Release|Any CPU.ActiveCfg = Release|Any CPU
		{8D41CFD4-A8B6-4964-2A56-C6EAF19A5048}.Release|Any CPU.Build.0 = Release|Any CPU
		{6F32CCA5-B19B-4B79-AA07-2B63D6773B51}.Debug|Any CPU.ActiveCfg = Debug|Any CPU
		{6F32CCA5-B19B-4B79-AA07-2B63D6773B51}.Debug|Any CPU.Build.0 = Debug|Any CPU
		{6F32CCA5-B19B-4B79-AA07-2B63D6773B51}.Release|Any CPU.ActiveCfg = Release|Any CPU
		{6F32CCA5-B19B-4B79-AA07-2B63D6773B51}.Release|Any CPU.Build.0 = Release|Any CPU
		{123797CE-84FD-4A9A-BDB9-49D19D4234C1}.Debug|Any CPU.ActiveCfg = Debug|Any CPU
		{123797CE-84FD-4A9A-BDB9-49D19D4234C1}.Debug|Any CPU.Build.0 = Debug|Any CPU
		{123797CE-84FD-4A9A-BDB9-49D19D4234C1}.Release|Any CPU.ActiveCfg = Release|Any CPU
		{123797CE-84FD-4A9A-BDB9-49D19D4234C1}.Release|Any CPU.Build.0 = Release|Any CPU
	EndGlobalSection
	GlobalSection(SolutionProperties) = preSolution
		HideSolutionNode = FALSE
	EndGlobalSection
	GlobalSection(ExtensibilityGlobals) = postSolution
		SolutionGuid = {EA10A083-61EE-4D56-AA65-028E0FE9F6E5}
	EndGlobalSection
EndGlobal
