
Microsoft Visual Studio Solution File, Format Version 12.00
# Visual Studio Version 17
VisualStudioVersion = 17.14.37027.9 d17.14
MinimumVisualStudioVersion = 10.0.40219.1
Project("{FAE04EC0-301F-11D3-BF4B-00C04F79EFBC}") = "HelloManaged", "HelloManaged.csproj", "{29AFA8B4-1ACC-3B8C-1F15-406CC360294F}"
EndProject
Global
	GlobalSection(SolutionConfigurationPlatforms) = preSolution
		Debug|Any CPU = Debug|Any CPU
		Release|Any CPU = Release|Any CPU
	EndGlobalSection
	GlobalSection(ProjectConfigurationPlatforms) = postSolution
		{29AFA8B4-1ACC-3B8C-1F15-406CC360294F}.Debug|Any CPU.ActiveCfg = Debug|Any CPU
		{29AFA8B4-1ACC-3B8C-1F15-406CC360294F}.Debug|Any CPU.Build.0 = Debug|Any CPU
		{29AFA8B4-1ACC-3B8C-1F15-406CC360294F}.Release|Any CPU.ActiveCfg = Release|Any CPU
		{29AFA8B4-1ACC-3B8C-1F15-406CC360294F}.Release|Any CPU.Build.0 = Release|Any CPU
	EndGlobalSection
	GlobalSection(SolutionProperties) = preSolution
		HideSolutionNode = FALSE
	EndGlobalSection
	GlobalSection(ExtensibilityGlobals) = postSolution
		SolutionGuid = {6ADA1D5B-FDFA-43BF-9D91-709E3873F64A}
	EndGlobalSection
EndGlobal
