
Microsoft Visual Studio Solution File, Format Version 12.00
# Visual Studio Version 17
VisualStudioVersion = 17.14.37027.9
MinimumVisualStudioVersion = 10.0.40219.1
Project("{FAE04EC0-301F-11D3-BF4B-00C04F79EFBC}") = "Zapada.Conformance", "Zapada.Conformance.csproj", "{4EEBE209-8675-861C-BA45-AFB08A5C2E1D}"
EndProject
Project("{FAE04EC0-301F-11D3-BF4B-00C04F79EFBC}") = "Zapada.Conformance.CrossAsm", "..\Zapada.Conformance.CrossAsm\Zapada.Conformance.CrossAsm.csproj", "{7BB90DE1-98D1-7252-098D-73B1971F32E4}"
EndProject
Global
	GlobalSection(SolutionConfigurationPlatforms) = preSolution
		Debug|Any CPU = Debug|Any CPU
		Release|Any CPU = Release|Any CPU
	EndGlobalSection
	GlobalSection(ProjectConfigurationPlatforms) = postSolution
		{4EEBE209-8675-861C-BA45-AFB08A5C2E1D}.Debug|Any CPU.ActiveCfg = Debug|Any CPU
		{4EEBE209-8675-861C-BA45-AFB08A5C2E1D}.Debug|Any CPU.Build.0 = Debug|Any CPU
		{4EEBE209-8675-861C-BA45-AFB08A5C2E1D}.Release|Any CPU.ActiveCfg = Release|Any CPU
		{4EEBE209-8675-861C-BA45-AFB08A5C2E1D}.Release|Any CPU.Build.0 = Release|Any CPU
		{7BB90DE1-98D1-7252-098D-73B1971F32E4}.Debug|Any CPU.ActiveCfg = Debug|Any CPU
		{7BB90DE1-98D1-7252-098D-73B1971F32E4}.Debug|Any CPU.Build.0 = Debug|Any CPU
		{7BB90DE1-98D1-7252-098D-73B1971F32E4}.Release|Any CPU.ActiveCfg = Release|Any CPU
		{7BB90DE1-98D1-7252-098D-73B1971F32E4}.Release|Any CPU.Build.0 = Release|Any CPU
	EndGlobalSection
	GlobalSection(SolutionProperties) = preSolution
		HideSolutionNode = FALSE
	EndGlobalSection
	GlobalSection(ExtensibilityGlobals) = postSolution
		SolutionGuid = {38F3D8A7-7A56-44AC-BD28-E0961ABB5BCE}
	EndGlobalSection
EndGlobal
