
Microsoft Visual Studio Solution File, Format Version 12.00
# Visual Studio Version 17
VisualStudioVersion = 17.14.37027.9 d17.14
MinimumVisualStudioVersion = 10.0.40219.1
Project("{FAE04EC0-301F-11D3-BF4B-00C04F79EFBC}") = "Zapada.Storage", "Zapada.Storage.csproj", "{D203DBB9-885F-2311-9AEB-B8EB0C15351B}"
EndProject
Global
	GlobalSection(SolutionConfigurationPlatforms) = preSolution
		Debug|Any CPU = Debug|Any CPU
		Release|Any CPU = Release|Any CPU
	EndGlobalSection
	GlobalSection(ProjectConfigurationPlatforms) = postSolution
		{D203DBB9-885F-2311-9AEB-B8EB0C15351B}.Debug|Any CPU.ActiveCfg = Debug|Any CPU
		{D203DBB9-885F-2311-9AEB-B8EB0C15351B}.Debug|Any CPU.Build.0 = Debug|Any CPU
		{D203DBB9-885F-2311-9AEB-B8EB0C15351B}.Release|Any CPU.ActiveCfg = Release|Any CPU
		{D203DBB9-885F-2311-9AEB-B8EB0C15351B}.Release|Any CPU.Build.0 = Release|Any CPU
	EndGlobalSection
	GlobalSection(SolutionProperties) = preSolution
		HideSolutionNode = FALSE
	EndGlobalSection
	GlobalSection(ExtensibilityGlobals) = postSolution
		SolutionGuid = {CA9F52BB-011C-472A-ADE9-3BD86DD675CB}
	EndGlobalSection
EndGlobal
