
Microsoft Visual Studio Solution File, Format Version 12.00
# Visual Studio Version 17
VisualStudioVersion = 17.14.37027.9 d17.14
MinimumVisualStudioVersion = 10.0.40219.1
Project("{FAE04EC0-301F-11D3-BF4B-00C04F79EFBC}") = "Zapada.Fs.Fat32", "Zapada.Fs.Fat32.csproj", "{307BC9F5-C2D5-98AC-A04B-C08F52CE36CA}"
EndProject
Global
	GlobalSection(SolutionConfigurationPlatforms) = preSolution
		Debug|Any CPU = Debug|Any CPU
		Release|Any CPU = Release|Any CPU
	EndGlobalSection
	GlobalSection(ProjectConfigurationPlatforms) = postSolution
		{307BC9F5-C2D5-98AC-A04B-C08F52CE36CA}.Debug|Any CPU.ActiveCfg = Debug|Any CPU
		{307BC9F5-C2D5-98AC-A04B-C08F52CE36CA}.Debug|Any CPU.Build.0 = Debug|Any CPU
		{307BC9F5-C2D5-98AC-A04B-C08F52CE36CA}.Release|Any CPU.ActiveCfg = Release|Any CPU
		{307BC9F5-C2D5-98AC-A04B-C08F52CE36CA}.Release|Any CPU.Build.0 = Release|Any CPU
	EndGlobalSection
	GlobalSection(SolutionProperties) = preSolution
		HideSolutionNode = FALSE
	EndGlobalSection
	GlobalSection(ExtensibilityGlobals) = postSolution
		SolutionGuid = {13BEB313-F4C7-45CC-97E8-B03B9C49E67E}
	EndGlobalSection
EndGlobal
